
Microsoft Visual Studio Solution File, Format Version 11.00
# Visual Studio 2010
Project("{FAE04EC0-301F-11D3-BF4B-00C04F79EFBC}") = "Assembly-CSharp", "Assembly-CSharp.csproj", "{48533F45-D546-4853-7424-6F6A84848433}"
EndProject
Project("{FAE04EC0-301F-11D3-BF4B-00C04F79EFBC}") = "Assembly-CSharp-Editor", "Assembly-CSharp-Editor.csproj", "{52289FDB-E5B3-3ABF-2A1E-5DBA75B843A0}"
EndProject
Global
	GlobalSection(SolutionConfigurationPlatforms) = preSolution
		Debug|Any CPU = Debug|Any CPU
		Release|Any CPU = Release|Any CPU
	EndGlobalSection
	GlobalSection(ProjectConfigurationPlatforms) = postSolution
		{48533F45-D546-4853-7424-6F6A84848433}.Debug|Any CPU.ActiveCfg = Debug|Any CPU
		{48533F45-D546-4853-7424-6F6A84848433}.Debug|Any CPU.Build.0 = Debug|Any CPU
		{48533F45-D546-4853-7424-6F6A84848433}.Release|Any CPU.ActiveCfg = Release|Any CPU
		{48533F45-D546-4853-7424-6F6A84848433}.Release|Any CPU.Build.0 = Release|Any CPU
		{52289FDB-E5B3-3ABF-2A1E-5DBA75B843A0}.Debug|Any CPU.ActiveCfg = Debug|Any CPU
		{52289FDB-E5B3-3ABF-2A1E-5DBA75B843A0}.Debug|Any CPU.Build.0 = Debug|Any CPU
		{52289FDB-E5B3-3ABF-2A1E-5DBA75B843A0}.Release|Any CPU.ActiveCfg = Release|Any CPU
		{52289FDB-E5B3-3ABF-2A1E-5DBA75B843A0}.Release|Any CPU.Build.0 = Release|Any CPU
	EndGlobalSection
	GlobalSection(SolutionProperties) = preSolution
		HideSolutionNode = FALSE
	EndGlobalSection
	GlobalSection(MonoDevelopProperties) = preSolution
		StartupItem = Assembly-CSharp.csproj
	EndGlobalSection
EndGlobal
